
Microsoft Visual Studio Solution File, Format Version 12.00
# Visual Studio Version 17
VisualStudioVersion = 17.4.33205.214
MinimumVisualStudioVersion = 10.0.40219.1
Project("{FAE04EC0-301F-11D3-BF4B-00C04F79EFBC}") = "KineGestionApp", "KineGestionApp\KineGestionApp.csproj", "{87087B5E-6025-401C-A8F2-4FF35929CC8A}"
EndProject
Project("{FAE04EC0-301F-11D3-BF4B-00C04F79EFBC}") = "PDSGBD_MySql", "..\..\PDSGBD\PDSGBD_MySql\PDSGBD_MySql.csproj", "{3D05F8BE-0831-4C7C-B10A-32FF601608F4}"
EndProject
Project("{FAE04EC0-301F-11D3-BF4B-00C04F79EFBC}") = "PDSGBD", "..\..\PDSGBD\PDSGBD\PDSGBD.csproj", "{F89C2793-FFB8-4F85-9A98-6A3B2649D1A2}"
EndProject
Global
	GlobalSection(SolutionConfigurationPlatforms) = preSolution
		Debug|Any CPU = Debug|Any CPU
		Release|Any CPU = Release|Any CPU
	EndGlobalSection
	GlobalSection(ProjectConfigurationPlatforms) = postSolution
		{87087B5E-6025-401C-A8F2-4FF35929CC8A}.Debug|Any CPU.ActiveCfg = Debug|Any CPU
		{87087B5E-6025-401C-A8F2-4FF35929CC8A}.Debug|Any CPU.Build.0 = Debug|Any CPU
		{87087B5E-6025-401C-A8F2-4FF35929CC8A}.Release|Any CPU.ActiveCfg = Release|Any CPU
		{87087B5E-6025-401C-A8F2-4FF35929CC8A}.Release|Any CPU.Build.0 = Release|Any CPU
		{3D05F8BE-0831-4C7C-B10A-32FF601608F4}.Debug|Any CPU.ActiveCfg = Debug|Any CPU
		{3D05F8BE-0831-4C7C-B10A-32FF601608F4}.Debug|Any CPU.Build.0 = Debug|Any CPU
		{3D05F8BE-0831-4C7C-B10A-32FF601608F4}.Release|Any CPU.ActiveCfg = Release|Any CPU
		{3D05F8BE-0831-4C7C-B10A-32FF601608F4}.Release|Any CPU.Build.0 = Release|Any CPU
		{F89C2793-FFB8-4F85-9A98-6A3B2649D1A2}.Debug|Any CPU.ActiveCfg = Debug|Any CPU
		{F89C2793-FFB8-4F85-9A98-6A3B2649D1A2}.Debug|Any CPU.Build.0 = Debug|Any CPU
		{F89C2793-FFB8-4F85-9A98-6A3B2649D1A2}.Release|Any CPU.ActiveCfg = Release|Any CPU
		{F89C2793-FFB8-4F85-9A98-6A3B2649D1A2}.Release|Any CPU.Build.0 = Release|Any CPU
	EndGlobalSection
	GlobalSection(SolutionProperties) = preSolution
		HideSolutionNode = FALSE
	EndGlobalSection
	GlobalSection(ExtensibilityGlobals) = postSolution
		SolutionGuid = {63D49C1F-D851-4370-930C-A62199414350}
	EndGlobalSection
EndGlobal
